
Microsoft Visual Studio Solution File, Format Version 12.00
# Visual Studio Version 16
VisualStudioVersion = 16.0.30330.147
MinimumVisualStudioVersion = 10.0.40219.1
Project("{FAE04EC0-301F-11D3-BF4B-00C04F79EFBC}") = "CafeConsole_Repository", "CafeConsole_Repository\CafeConsole_Repository.csproj", "{5A2926BE-1325-4A0E-AB05-66AA725BEE15}"
EndProject
Project("{FAE04EC0-301F-11D3-BF4B-00C04F79EFBC}") = "CafeConsole_Console", "CafeConsole_Console\CafeConsole_Console.csproj", "{FD14FE16-5B7F-466C-88DF-A1F11EEA1EE7}"
EndProject
Global
	GlobalSection(SolutionConfigurationPlatforms) = preSolution
		Debug|Any CPU = Debug|Any CPU
		Release|Any CPU = Release|Any CPU
	EndGlobalSection
	GlobalSection(ProjectConfigurationPlatforms) = postSolution
		{5A2926BE-1325-4A0E-AB05-66AA725BEE15}.Debug|Any CPU.ActiveCfg = Debug|Any CPU
		{5A2926BE-1325-4A0E-AB05-66AA725BEE15}.Debug|Any CPU.Build.0 = Debug|Any CPU
		{5A2926BE-1325-4A0E-AB05-66AA725BEE15}.Release|Any CPU.ActiveCfg = Release|Any CPU
		{5A2926BE-1325-4A0E-AB05-66AA725BEE15}.Release|Any CPU.Build.0 = Release|Any CPU
		{FD14FE16-5B7F-466C-88DF-A1F11EEA1EE7}.Debug|Any CPU.ActiveCfg = Debug|Any CPU
		{FD14FE16-5B7F-466C-88DF-A1F11EEA1EE7}.Debug|Any CPU.Build.0 = Debug|Any CPU
		{FD14FE16-5B7F-466C-88DF-A1F11EEA1EE7}.Release|Any CPU.ActiveCfg = Release|Any CPU
		{FD14FE16-5B7F-466C-88DF-A1F11EEA1EE7}.Release|Any CPU.Build.0 = Release|Any CPU
	EndGlobalSection
	GlobalSection(SolutionProperties) = preSolution
		HideSolutionNode = FALSE
	EndGlobalSection
	GlobalSection(ExtensibilityGlobals) = postSolution
		SolutionGuid = {56E82429-E13F-4353-9D7F-92CB3AF916CF}
	EndGlobalSection
EndGlobal
