
Microsoft Visual Studio Solution File, Format Version 12.00
# Visual Studio Version 16
VisualStudioVersion = 16.0.30330.147
MinimumVisualStudioVersion = 10.0.40219.1
Project("{FAE04EC0-301F-11D3-BF4B-00C04F79EFBC}") = "CafeConsole_Repository", "CafeConsole_Repository\CafeConsole_Repository.csproj", "{5A2926BE-1325-4A0E-AB05-66AA725BEE15}"
EndProject
Project("{FAE04EC0-301F-11D3-BF4B-00C04F79EFBC}") = "CafeConsole_Console", "CafeConsole_Console\CafeConsole_Console.csproj", "{FD14FE16-5B7F-466C-88DF-A1F11EEA1EE7}"
EndProject
Project("{FAE04EC0-301F-11D3-BF4B-00C04F79EFBC}") = "KomodoBadges_Repository", "KomodoBadges_Repository\KomodoBadges_Repository.csproj", "{3C7C098C-B224-4BDF-B3BA-8009781A514E}"
EndProject
Project("{FAE04EC0-301F-11D3-BF4B-00C04F79EFBC}") = "KomodoBadges_Console", "KomodoBadges_Console\KomodoBadges_Console.csproj", "{059FCA3F-8AD5-490A-BD38-FDA254282ED8}"
EndProject
Project("{FAE04EC0-301F-11D3-BF4B-00C04F79EFBC}") = "CafeConsole_Tests", "CafeConsole_Tests\CafeConsole_Tests.csproj", "{D4B6749B-2CF8-4277-8CA2-FA9C107251A3}"
EndProject
Project("{FAE04EC0-301F-11D3-BF4B-00C04F79EFBC}") = "KomodoBadges_Tests", "KomodoBadges_Tests\KomodoBadges_Tests.csproj", "{0827E287-C82D-4BBE-8055-FDA088C9049C}"
EndProject
Project("{FAE04EC0-301F-11D3-BF4B-00C04F79EFBC}") = "GreenPlan_Repository", "GreenPlan_Repository\GreenPlan_Repository.csproj", "{F4AD1B2E-F8D9-434E-AC14-D56DC8603DCC}"
EndProject
Project("{FAE04EC0-301F-11D3-BF4B-00C04F79EFBC}") = "GreenPlan_Console", "GreenPlan_Console\GreenPlan_Console.csproj", "{FD3CAA8D-3828-4E52-ABCC-7BFB489935C6}"
EndProject
Project("{FAE04EC0-301F-11D3-BF4B-00C04F79EFBC}") = "GreenPlan_Tests", "GreenPlan_Tests\GreenPlan_Tests.csproj", "{09913135-D7F3-4706-9541-B877E403B239}"
EndProject
Global
	GlobalSection(SolutionConfigurationPlatforms) = preSolution
		Debug|Any CPU = Debug|Any CPU
		Release|Any CPU = Release|Any CPU
	EndGlobalSection
	GlobalSection(ProjectConfigurationPlatforms) = postSolution
		{5A2926BE-1325-4A0E-AB05-66AA725BEE15}.Debug|Any CPU.ActiveCfg = Debug|Any CPU
		{5A2926BE-1325-4A0E-AB05-66AA725BEE15}.Debug|Any CPU.Build.0 = Debug|Any CPU
		{5A2926BE-1325-4A0E-AB05-66AA725BEE15}.Release|Any CPU.ActiveCfg = Release|Any CPU
		{5A2926BE-1325-4A0E-AB05-66AA725BEE15}.Release|Any CPU.Build.0 = Release|Any CPU
		{FD14FE16-5B7F-466C-88DF-A1F11EEA1EE7}.Debug|Any CPU.ActiveCfg = Debug|Any CPU
		{FD14FE16-5B7F-466C-88DF-A1F11EEA1EE7}.Debug|Any CPU.Build.0 = Debug|Any CPU
		{FD14FE16-5B7F-466C-88DF-A1F11EEA1EE7}.Release|Any CPU.ActiveCfg = Release|Any CPU
		{FD14FE16-5B7F-466C-88DF-A1F11EEA1EE7}.Release|Any CPU.Build.0 = Release|Any CPU
		{3C7C098C-B224-4BDF-B3BA-8009781A514E}.Debug|Any CPU.ActiveCfg = Debug|Any CPU
		{3C7C098C-B224-4BDF-B3BA-8009781A514E}.Debug|Any CPU.Build.0 = Debug|Any CPU
		{3C7C098C-B224-4BDF-B3BA-8009781A514E}.Release|Any CPU.ActiveCfg = Release|Any CPU
		{3C7C098C-B224-4BDF-B3BA-8009781A514E}.Release|Any CPU.Build.0 = Release|Any CPU
		{059FCA3F-8AD5-490A-BD38-FDA254282ED8}.Debug|Any CPU.ActiveCfg = Debug|Any CPU
		{059FCA3F-8AD5-490A-BD38-FDA254282ED8}.Debug|Any CPU.Build.0 = Debug|Any CPU
		{059FCA3F-8AD5-490A-BD38-FDA254282ED8}.Release|Any CPU.ActiveCfg = Release|Any CPU
		{059FCA3F-8AD5-490A-BD38-FDA254282ED8}.Release|Any CPU.Build.0 = Release|Any CPU
		{D4B6749B-2CF8-4277-8CA2-FA9C107251A3}.Debug|Any CPU.ActiveCfg = Debug|Any CPU
		{D4B6749B-2CF8-4277-8CA2-FA9C107251A3}.Debug|Any CPU.Build.0 = Debug|Any CPU
		{D4B6749B-2CF8-4277-8CA2-FA9C107251A3}.Release|Any CPU.ActiveCfg = Release|Any CPU
		{D4B6749B-2CF8-4277-8CA2-FA9C107251A3}.Release|Any CPU.Build.0 = Release|Any CPU
		{0827E287-C82D-4BBE-8055-FDA088C9049C}.Debug|Any CPU.ActiveCfg = Debug|Any CPU
		{0827E287-C82D-4BBE-8055-FDA088C9049C}.Debug|Any CPU.Build.0 = Debug|Any CPU
		{0827E287-C82D-4BBE-8055-FDA088C9049C}.Release|Any CPU.ActiveCfg = Release|Any CPU
		{0827E287-C82D-4BBE-8055-FDA088C9049C}.Release|Any CPU.Build.0 = Release|Any CPU
		{F4AD1B2E-F8D9-434E-AC14-D56DC8603DCC}.Debug|Any CPU.ActiveCfg = Debug|Any CPU
		{F4AD1B2E-F8D9-434E-AC14-D56DC8603DCC}.Debug|Any CPU.Build.0 = Debug|Any CPU
		{F4AD1B2E-F8D9-434E-AC14-D56DC8603DCC}.Release|Any CPU.ActiveCfg = Release|Any CPU
		{F4AD1B2E-F8D9-434E-AC14-D56DC8603DCC}.Release|Any CPU.Build.0 = Release|Any CPU
		{FD3CAA8D-3828-4E52-ABCC-7BFB489935C6}.Debug|Any CPU.ActiveCfg = Debug|Any CPU
		{FD3CAA8D-3828-4E52-ABCC-7BFB489935C6}.Debug|Any CPU.Build.0 = Debug|Any CPU
		{FD3CAA8D-3828-4E52-ABCC-7BFB489935C6}.Release|Any CPU.ActiveCfg = Release|Any CPU
		{FD3CAA8D-3828-4E52-ABCC-7BFB489935C6}.Release|Any CPU.Build.0 = Release|Any CPU
		{09913135-D7F3-4706-9541-B877E403B239}.Debug|Any CPU.ActiveCfg = Debug|Any CPU
		{09913135-D7F3-4706-9541-B877E403B239}.Debug|Any CPU.Build.0 = Debug|Any CPU
		{09913135-D7F3-4706-9541-B877E403B239}.Release|Any CPU.ActiveCfg = Release|Any CPU
		{09913135-D7F3-4706-9541-B877E403B239}.Release|Any CPU.Build.0 = Release|Any CPU
	EndGlobalSection
	GlobalSection(SolutionProperties) = preSolution
		HideSolutionNode = FALSE
	EndGlobalSection
	GlobalSection(ExtensibilityGlobals) = postSolution
		SolutionGuid = {56E82429-E13F-4353-9D7F-92CB3AF916CF}
	EndGlobalSection
EndGlobal
